// !$*UTF8*$!
{
	archiveVersion = 1;
	classes = {
	};
	objectVersion = 52;
	objects = {

/* Begin PBXBuildFile section */
		323A90EA266A162600FF357D /* AppDelegate.swift in Sources */ = {isa = PBXBuildFile; fileRef = 323A90E9266A162600FF357D /* AppDelegate.swift */; };
		323A90EC266A162600FF357D /* SceneDelegate.swift in Sources */ = {isa = PBXBuildFile; fileRef = 323A90EB266A162600FF357D /* SceneDelegate.swift */; };
		323A90F1266A162600FF357D /* Main.storyboard in Resources */ = {isa = PBXBuildFile; fileRef = 323A90EF266A162600FF357D /* Main.storyboard */; };
		323A90F4266A162600FF357D /* NewsApp.xcdatamodeld in Sources */ = {isa = PBXBuildFile; fileRef = 323A90F2266A162600FF357D /* NewsApp.xcdatamodeld */; };
		323A90F6266A162800FF357D /* Assets.xcassets in Resources */ = {isa = PBXBuildFile; fileRef = 323A90F5266A162800FF357D /* Assets.xcassets */; };
		323A90F9266A162800FF357D /* LaunchScreen.storyboard in Resources */ = {isa = PBXBuildFile; fileRef = 323A90F7266A162800FF357D /* LaunchScreen.storyboard */; };
		323A9101266A180400FF357D /* HomePageViewController.swift in Sources */ = {isa = PBXBuildFile; fileRef = 323A9100266A180400FF357D /* HomePageViewController.swift */; };
		323A9103266A1FEE00FF357D /* HomePageCell.swift in Sources */ = {isa = PBXBuildFile; fileRef = 323A9102266A1FEE00FF357D /* HomePageCell.swift */; };
		323A9105266A214200FF357D /* Montserrat in Resources */ = {isa = PBXBuildFile; fileRef = 323A9104266A214200FF357D /* Montserrat */; };
		32991A8A266CBE6E004CF5F6 /* NetworkDataFetcher.swift in Sources */ = {isa = PBXBuildFile; fileRef = 32991A89266CBE6E004CF5F6 /* NetworkDataFetcher.swift */; };
		32991A8C266CBFE9004CF5F6 /* DataFetcherService.swift in Sources */ = {isa = PBXBuildFile; fileRef = 32991A8B266CBFE9004CF5F6 /* DataFetcherService.swift */; };
		32991A8F266CC6EF004CF5F6 /* Categories.swift in Sources */ = {isa = PBXBuildFile; fileRef = 32991A8E266CC6EF004CF5F6 /* Categories.swift */; };
		32F3A92B2673890400D63D0B /* SwiftAlerts in Frameworks */ = {isa = PBXBuildFile; productRef = 32F3A92A2673890400D63D0B /* SwiftAlerts */; };
		32F3A92D26739C3F00D63D0B /* apiKey.swift in Sources */ = {isa = PBXBuildFile; fileRef = 32F3A92C26739C3F00D63D0B /* apiKey.swift */; };
		32FD3FB3266A2A7F00847919 /* HomePage.storyboard in Resources */ = {isa = PBXBuildFile; fileRef = 32FD3FB1266A2A7F00847919 /* HomePage.storyboard */; };
		32FD3FB5266A2CC000847919 /* NetworkService.swift in Sources */ = {isa = PBXBuildFile; fileRef = 32FD3FB4266A2CC000847919 /* NetworkService.swift */; };
		32FD3FB9266A2D4F00847919 /* NetworkError.swift in Sources */ = {isa = PBXBuildFile; fileRef = 32FD3FB8266A2D4F00847919 /* NetworkError.swift */; };
		32FD3FBC266A2E7600847919 /* NewsModel.swift in Sources */ = {isa = PBXBuildFile; fileRef = 32FD3FBB266A2E7600847919 /* NewsModel.swift */; };
		32FD3FBE266A613F00847919 /* K.swift in Sources */ = {isa = PBXBuildFile; fileRef = 32FD3FBD266A613F00847919 /* K.swift */; };
		32FD3FC2266A666500847919 /* WebViewPage.swift in Sources */ = {isa = PBXBuildFile; fileRef = 32FD3FC1266A666500847919 /* WebViewPage.swift */; };
		32FD3FC5266A66E600847919 /* WebPageViewController.swift in Sources */ = {isa = PBXBuildFile; fileRef = 32FD3FC4266A66E600847919 /* WebPageViewController.swift */; };
/* End PBXBuildFile section */

/* Begin PBXFileReference section */
		323A90E6266A162600FF357D /* NewsApp.app */ = {isa = PBXFileReference; explicitFileType = wrapper.application; includeInIndex = 0; path = NewsApp.app; sourceTree = BUILT_PRODUCTS_DIR; };
		323A90E9266A162600FF357D /* AppDelegate.swift */ = {isa = PBXFileReference; lastKnownFileType = sourcecode.swift; path = AppDelegate.swift; sourceTree = "<group>"; };
		323A90EB266A162600FF357D /* SceneDelegate.swift */ = {isa = PBXFileReference; lastKnownFileType = sourcecode.swift; path = SceneDelegate.swift; sourceTree = "<group>"; };
		323A90F0266A162600FF357D /* Base */ = {isa = PBXFileReference; lastKnownFileType = file.storyboard; name = Base; path = Base.lproj/Main.storyboard; sourceTree = "<group>"; };
		323A90F3266A162600FF357D /* NewsApp.xcdatamodel */ = {isa = PBXFileReference; lastKnownFileType = wrapper.xcdatamodel; path = NewsApp.xcdatamodel; sourceTree = "<group>"; };
		323A90F5266A162800FF357D /* Assets.xcassets */ = {isa = PBXFileReference; lastKnownFileType = folder.assetcatalog; path = Assets.xcassets; sourceTree = "<group>"; };
		323A90F8266A162800FF357D /* Base */ = {isa = PBXFileReference; lastKnownFileType = file.storyboard; name = Base; path = Base.lproj/LaunchScreen.storyboard; sourceTree = "<group>"; };
		323A90FA266A162800FF357D /* Info.plist */ = {isa = PBXFileReference; lastKnownFileType = text.plist.xml; path = Info.plist; sourceTree = "<group>"; };
		323A9100266A180400FF357D /* HomePageViewController.swift */ = {isa = PBXFileReference; lastKnownFileType = sourcecode.swift; path = HomePageViewController.swift; sourceTree = "<group>"; };
		323A9102266A1FEE00FF357D /* HomePageCell.swift */ = {isa = PBXFileReference; lastKnownFileType = sourcecode.swift; path = HomePageCell.swift; sourceTree = "<group>"; };
		323A9104266A214200FF357D /* Montserrat */ = {isa = PBXFileReference; lastKnownFileType = folder; path = Montserrat; sourceTree = "<group>"; };
		32991A89266CBE6E004CF5F6 /* NetworkDataFetcher.swift */ = {isa = PBXFileReference; lastKnownFileType = sourcecode.swift; path = NetworkDataFetcher.swift; sourceTree = "<group>"; };
		32991A8B266CBFE9004CF5F6 /* DataFetcherService.swift */ = {isa = PBXFileReference; lastKnownFileType = sourcecode.swift; path = DataFetcherService.swift; sourceTree = "<group>"; };
		32991A8E266CC6EF004CF5F6 /* Categories.swift */ = {isa = PBXFileReference; lastKnownFileType = sourcecode.swift; path = Categories.swift; sourceTree = "<group>"; };
		32F3A92C26739C3F00D63D0B /* apiKey.swift */ = {isa = PBXFileReference; lastKnownFileType = sourcecode.swift; path = apiKey.swift; sourceTree = "<group>"; };
		32FD3FB2266A2A7F00847919 /* Base */ = {isa = PBXFileReference; lastKnownFileType = file.storyboard; name = Base; path = NewsApp/Application/View/Base.lproj/HomePage.storyboard; sourceTree = "<group>"; };
		32FD3FB4266A2CC000847919 /* NetworkService.swift */ = {isa = PBXFileReference; lastKnownFileType = sourcecode.swift; path = NetworkService.swift; sourceTree = "<group>"; };
		32FD3FB8266A2D4F00847919 /* NetworkError.swift */ = {isa = PBXFileReference; lastKnownFileType = sourcecode.swift; path = NetworkError.swift; sourceTree = "<group>"; };
		32FD3FBB266A2E7600847919 /* NewsModel.swift */ = {isa = PBXFileReference; lastKnownFileType = sourcecode.swift; path = NewsModel.swift; sourceTree = "<group>"; };
		32FD3FBD266A613F00847919 /* K.swift */ = {isa = PBXFileReference; lastKnownFileType = sourcecode.swift; path = K.swift; sourceTree = "<group>"; };
		32FD3FC1266A666500847919 /* WebViewPage.swift */ = {isa = PBXFileReference; lastKnownFileType = sourcecode.swift; path = WebViewPage.swift; sourceTree = "<group>"; };
		32FD3FC4266A66E600847919 /* WebPageViewController.swift */ = {isa = PBXFileReference; lastKnownFileType = sourcecode.swift; path = WebPageViewController.swift; sourceTree = "<group>"; };
/* End PBXFileReference section */

/* Begin PBXFrameworksBuildPhase section */
		323A90E3266A162600FF357D /* Frameworks */ = {
			isa = PBXFrameworksBuildPhase;
			buildActionMask = 2147483647;
			files = (
				32F3A92B2673890400D63D0B /* SwiftAlerts in Frameworks */,
			);
			runOnlyForDeploymentPostprocessing = 0;
		};
/* End PBXFrameworksBuildPhase section */

/* Begin PBXGroup section */
		323A90DD266A162600FF357D = {
			isa = PBXGroup;
			children = (
				323A90E8266A162600FF357D /* NewsApp */,
				323A9106266A219000FF357D /* fonts */,
				323A90E7266A162600FF357D /* Products */,
			);
			sourceTree = "<group>";
		};
		323A90E7266A162600FF357D /* Products */ = {
			isa = PBXGroup;
			children = (
				323A90E6266A162600FF357D /* NewsApp.app */,
			);
			name = Products;
			sourceTree = "<group>";
		};
		323A90E8266A162600FF357D /* NewsApp */ = {
			isa = PBXGroup;
			children = (
				32FD3FA7266A259F00847919 /* Application */,
				32FD3FA3266A251500847919 /* Home Page */,
				32FD3FBF266A661F00847919 /* Web page */,
				32FD3FA4266A253000847919 /* Supporting Files */,
				32FD3FBD266A613F00847919 /* K.swift */,
				32F3A92C26739C3F00D63D0B /* apiKey.swift */,
			);
			path = NewsApp;
			sourceTree = "<group>";
		};
		323A9106266A219000FF357D /* fonts */ = {
			isa = PBXGroup;
			children = (
				323A9104266A214200FF357D /* Montserrat */,
			);
			path = fonts;
			sourceTree = "<group>";
		};
		32991A8D266CC69D004CF5F6 /* Model */ = {
			isa = PBXGroup;
			children = (
				32991A8B266CBFE9004CF5F6 /* DataFetcherService.swift */,
				32991A8E266CC6EF004CF5F6 /* Categories.swift */,
			);
			path = Model;
			sourceTree = "<group>";
		};
		32FD3FA3266A251500847919 /* Home Page */ = {
			isa = PBXGroup;
			children = (
				32991A8D266CC69D004CF5F6 /* Model */,
				32FD3FA6266A256C00847919 /* View */,
				32FD3FA5266A256200847919 /* Controller */,
			);
			path = "Home Page";
			sourceTree = "<group>";
		};
		32FD3FA4266A253000847919 /* Supporting Files */ = {
			isa = PBXGroup;
			children = (
				323A90F5266A162800FF357D /* Assets.xcassets */,
				323A90FA266A162800FF357D /* Info.plist */,
			);
			path = "Supporting Files";
			sourceTree = "<group>";
		};
		32FD3FA5266A256200847919 /* Controller */ = {
			isa = PBXGroup;
			children = (
				323A9100266A180400FF357D /* HomePageViewController.swift */,
			);
			path = Controller;
			sourceTree = "<group>";
		};
		32FD3FA6266A256C00847919 /* View */ = {
			isa = PBXGroup;
			children = (
				32FD3FB1266A2A7F00847919 /* HomePage.storyboard */,
				323A9102266A1FEE00FF357D /* HomePageCell.swift */,
			);
			path = View;
			sourceTree = "<group>";
		};
		32FD3FA7266A259F00847919 /* Application */ = {
			isa = PBXGroup;
			children = (
				32FD3FB7266A2D3200847919 /* Model */,
				32FD3FA8266A25B400847919 /* View */,
				32FD3FA9266A25C500847919 /* Controller */,
				32FD3FAA266A260700847919 /* Services */,
			);
			path = Application;
			sourceTree = "<group>";
		};
		32FD3FA8266A25B400847919 /* View */ = {
			isa = PBXGroup;
			children = (
				323A90EF266A162600FF357D /* Main.storyboard */,
				323A90F7266A162800FF357D /* LaunchScreen.storyboard */,
			);
			path = View;
			sourceTree = "<group>";
		};
		32FD3FA9266A25C500847919 /* Controller */ = {
			isa = PBXGroup;
			children = (
				323A90E9266A162600FF357D /* AppDelegate.swift */,
				323A90EB266A162600FF357D /* SceneDelegate.swift */,
			);
			path = Controller;
			sourceTree = "<group>";
		};
		32FD3FAA266A260700847919 /* Services */ = {
			isa = PBXGroup;
			children = (
				32FD3FAB266A261900847919 /* CoreData */,
				32FD3FB6266A2CC400847919 /* Network */,
			);
			path = Services;
			sourceTree = "<group>";
		};
		32FD3FAB266A261900847919 /* CoreData */ = {
			isa = PBXGroup;
			children = (
				323A90F2266A162600FF357D /* NewsApp.xcdatamodeld */,
			);
			path = CoreData;
			sourceTree = "<group>";
		};
		32FD3FB6266A2CC400847919 /* Network */ = {
			isa = PBXGroup;
			children = (
				32FD3FBA266A2E6400847919 /* Model */,
				32FD3FB4266A2CC000847919 /* NetworkService.swift */,
				32991A89266CBE6E004CF5F6 /* NetworkDataFetcher.swift */,
			);
			path = Network;
			sourceTree = "<group>";
		};
		32FD3FB7266A2D3200847919 /* Model */ = {
			isa = PBXGroup;
			children = (
				32FD3FB8266A2D4F00847919 /* NetworkError.swift */,
			);
			path = Model;
			sourceTree = "<group>";
		};
		32FD3FBA266A2E6400847919 /* Model */ = {
			isa = PBXGroup;
			children = (
				32FD3FBB266A2E7600847919 /* NewsModel.swift */,
			);
			path = Model;
			sourceTree = "<group>";
		};
		32FD3FBF266A661F00847919 /* Web page */ = {
			isa = PBXGroup;
			children = (
				32FD3FC3266A667F00847919 /* View */,
				32FD3FC0266A664E00847919 /* Controller */,
			);
			path = "Web page";
			sourceTree = "<group>";
		};
		32FD3FC0266A664E00847919 /* Controller */ = {
			isa = PBXGroup;
			children = (
				32FD3FC1266A666500847919 /* WebViewPage.swift */,
				32FD3FC4266A66E600847919 /* WebPageViewController.swift */,
			);
			path = Controller;
			sourceTree = "<group>";
		};
		32FD3FC3266A667F00847919 /* View */ = {
			isa = PBXGroup;
			children = (
			);
			path = View;
			sourceTree = "<group>";
		};
/* End PBXGroup section */

/* Begin PBXNativeTarget section */
		323A90E5266A162600FF357D /* NewsApp */ = {
			isa = PBXNativeTarget;
			buildConfigurationList = 323A90FD266A162800FF357D /* Build configuration list for PBXNativeTarget "NewsApp" */;
			buildPhases = (
				323A90E2266A162600FF357D /* Sources */,
				323A90E3266A162600FF357D /* Frameworks */,
				323A90E4266A162600FF357D /* Resources */,
			);
			buildRules = (
			);
			dependencies = (
			);
			name = NewsApp;
			packageProductDependencies = (
				32F3A92A2673890400D63D0B /* SwiftAlerts */,
			);
			productName = NewsApp;
			productReference = 323A90E6266A162600FF357D /* NewsApp.app */;
			productType = "com.apple.product-type.application";
		};
/* End PBXNativeTarget section */

/* Begin PBXProject section */
		323A90DE266A162600FF357D /* Project object */ = {
			isa = PBXProject;
			attributes = {
				LastSwiftUpdateCheck = 1250;
				LastUpgradeCheck = 1250;
				TargetAttributes = {
					323A90E5266A162600FF357D = {
						CreatedOnToolsVersion = 12.5;
					};
				};
			};
			buildConfigurationList = 323A90E1266A162600FF357D /* Build configuration list for PBXProject "NewsApp" */;
			compatibilityVersion = "Xcode 9.3";
			developmentRegion = en;
			hasScannedForEncodings = 0;
			knownRegions = (
				en,
				Base,
			);
			mainGroup = 323A90DD266A162600FF357D;
			packageReferences = (
				32F3A9292673890400D63D0B /* XCRemoteSwiftPackageReference "SwiftAlerts" */,
			);
			productRefGroup = 323A90E7266A162600FF357D /* Products */;
			projectDirPath = "";
			projectRoot = "";
			targets = (
				323A90E5266A162600FF357D /* NewsApp */,
			);
		};
/* End PBXProject section */

/* Begin PBXResourcesBuildPhase section */
		323A90E4266A162600FF357D /* Resources */ = {
			isa = PBXResourcesBuildPhase;
			buildActionMask = 2147483647;
			files = (
				32FD3FB3266A2A7F00847919 /* HomePage.storyboard in Resources */,
				323A90F9266A162800FF357D /* LaunchScreen.storyboard in Resources */,
				323A9105266A214200FF357D /* Montserrat in Resources */,
				323A90F6266A162800FF357D /* Assets.xcassets in Resources */,
				323A90F1266A162600FF357D /* Main.storyboard in Resources */,
			);
			runOnlyForDeploymentPostprocessing = 0;
		};
/* End PBXResourcesBuildPhase section */

/* Begin PBXSourcesBuildPhase section */
		323A90E2266A162600FF357D /* Sources */ = {
			isa = PBXSourcesBuildPhase;
			buildActionMask = 2147483647;
			files = (
				32991A8A266CBE6E004CF5F6 /* NetworkDataFetcher.swift in Sources */,
				32991A8F266CC6EF004CF5F6 /* Categories.swift in Sources */,
				32FD3FBE266A613F00847919 /* K.swift in Sources */,
				32FD3FBC266A2E7600847919 /* NewsModel.swift in Sources */,
				323A9101266A180400FF357D /* HomePageViewController.swift in Sources */,
				32FD3FB9266A2D4F00847919 /* NetworkError.swift in Sources */,
				323A90EA266A162600FF357D /* AppDelegate.swift in Sources */,
				323A90F4266A162600FF357D /* NewsApp.xcdatamodeld in Sources */,
				323A9103266A1FEE00FF357D /* HomePageCell.swift in Sources */,
				32FD3FB5266A2CC000847919 /* NetworkService.swift in Sources */,
				32991A8C266CBFE9004CF5F6 /* DataFetcherService.swift in Sources */,
				32F3A92D26739C3F00D63D0B /* apiKey.swift in Sources */,
				32FD3FC2266A666500847919 /* WebViewPage.swift in Sources */,
				32FD3FC5266A66E600847919 /* WebPageViewController.swift in Sources */,
				323A90EC266A162600FF357D /* SceneDelegate.swift in Sources */,
			);
			runOnlyForDeploymentPostprocessing = 0;
		};
/* End PBXSourcesBuildPhase section */

/* Begin PBXVariantGroup section */
		323A90EF266A162600FF357D /* Main.storyboard */ = {
			isa = PBXVariantGroup;
			children = (
				323A90F0266A162600FF357D /* Base */,
			);
			name = Main.storyboard;
			sourceTree = "<group>";
		};
		323A90F7266A162800FF357D /* LaunchScreen.storyboard */ = {
			isa = PBXVariantGroup;
			children = (
				323A90F8266A162800FF357D /* Base */,
			);
			name = LaunchScreen.storyboard;
			sourceTree = "<group>";
		};
		32FD3FB1266A2A7F00847919 /* HomePage.storyboard */ = {
			isa = PBXVariantGroup;
			children = (
				32FD3FB2266A2A7F00847919 /* Base */,
			);
			name = HomePage.storyboard;
			sourceTree = "<group>";
		};
/* End PBXVariantGroup section */

/* Begin XCBuildConfiguration section */
		323A90FB266A162800FF357D /* Debug */ = {
			isa = XCBuildConfiguration;
			buildSettings = {
				ALWAYS_SEARCH_USER_PATHS = NO;
				CLANG_ANALYZER_NONNULL = YES;
				CLANG_ANALYZER_NUMBER_OBJECT_CONVERSION = YES_AGGRESSIVE;
				CLANG_CXX_LANGUAGE_STANDARD = "gnu++14";
				CLANG_CXX_LIBRARY = "libc++";
				CLANG_ENABLE_MODULES = YES;
				CLANG_ENABLE_OBJC_ARC = YES;
				CLANG_ENABLE_OBJC_WEAK = YES;
				CLANG_WARN_BLOCK_CAPTURE_AUTORELEASING = YES;
				CLANG_WARN_BOOL_CONVERSION = YES;
				CLANG_WARN_COMMA = YES;
				CLANG_WARN_CONSTANT_CONVERSION = YES;
				CLANG_WARN_DEPRECATED_OBJC_IMPLEMENTATIONS = YES;
				CLANG_WARN_DIRECT_OBJC_ISA_USAGE = YES_ERROR;
				CLANG_WARN_DOCUMENTATION_COMMENTS = YES;
				CLANG_WARN_EMPTY_BODY = YES;
				CLANG_WARN_ENUM_CONVERSION = YES;
				CLANG_WARN_INFINITE_RECURSION = YES;
				CLANG_WARN_INT_CONVERSION = YES;
				CLANG_WARN_NON_LITERAL_NULL_CONVERSION = YES;
				CLANG_WARN_OBJC_IMPLICIT_RETAIN_SELF = YES;
				CLANG_WARN_OBJC_LITERAL_CONVERSION = YES;
				CLANG_WARN_OBJC_ROOT_CLASS = YES_ERROR;
				CLANG_WARN_QUOTED_INCLUDE_IN_FRAMEWORK_HEADER = YES;
				CLANG_WARN_RANGE_LOOP_ANALYSIS = YES;
				CLANG_WARN_STRICT_PROTOTYPES = YES;
				CLANG_WARN_SUSPICIOUS_MOVE = YES;
				CLANG_WARN_UNGUARDED_AVAILABILITY = YES_AGGRESSIVE;
				CLANG_WARN_UNREACHABLE_CODE = YES;
				CLANG_WARN__DUPLICATE_METHOD_MATCH = YES;
				COPY_PHASE_STRIP = NO;
				DEBUG_INFORMATION_FORMAT = dwarf;
				ENABLE_STRICT_OBJC_MSGSEND = YES;
				ENABLE_TESTABILITY = YES;
				GCC_C_LANGUAGE_STANDARD = gnu11;
				GCC_DYNAMIC_NO_PIC = NO;
				GCC_NO_COMMON_BLOCKS = YES;
				GCC_OPTIMIZATION_LEVEL = 0;
				GCC_PREPROCESSOR_DEFINITIONS = (
					"DEBUG=1",
					"$(inherited)",
				);
				GCC_WARN_64_TO_32_BIT_CONVERSION = YES;
				GCC_WARN_ABOUT_RETURN_TYPE = YES_ERROR;
				GCC_WARN_UNDECLARED_SELECTOR = YES;
				GCC_WARN_UNINITIALIZED_AUTOS = YES_AGGRESSIVE;
				GCC_WARN_UNUSED_FUNCTION = YES;
				GCC_WARN_UNUSED_VARIABLE = YES;
				IPHONEOS_DEPLOYMENT_TARGET = 14.5;
				MTL_ENABLE_DEBUG_INFO = INCLUDE_SOURCE;
				MTL_FAST_MATH = YES;
				ONLY_ACTIVE_ARCH = YES;
				SDKROOT = iphoneos;
				SWIFT_ACTIVE_COMPILATION_CONDITIONS = DEBUG;
				SWIFT_OPTIMIZATION_LEVEL = "-Onone";
			};
			name = Debug;
		};
		323A90FC266A162800FF357D /* Release */ = {
			isa = XCBuildConfiguration;
			buildSettings = {
				ALWAYS_SEARCH_USER_PATHS = NO;
				CLANG_ANALYZER_NONNULL = YES;
				CLANG_ANALYZER_NUMBER_OBJECT_CONVERSION = YES_AGGRESSIVE;
				CLANG_CXX_LANGUAGE_STANDARD = "gnu++14";
				CLANG_CXX_LIBRARY = "libc++";
				CLANG_ENABLE_MODULES = YES;
				CLANG_ENABLE_OBJC_ARC = YES;
				CLANG_ENABLE_OBJC_WEAK = YES;
				CLANG_WARN_BLOCK_CAPTURE_AUTORELEASING = YES;
				CLANG_WARN_BOOL_CONVERSION = YES;
				CLANG_WARN_COMMA = YES;
				CLANG_WARN_CONSTANT_CONVERSION = YES;
				CLANG_WARN_DEPRECATED_OBJC_IMPLEMENTATIONS = YES;
				CLANG_WARN_DIRECT_OBJC_ISA_USAGE = YES_ERROR;
				CLANG_WARN_DOCUMENTATION_COMMENTS = YES;
				CLANG_WARN_EMPTY_BODY = YES;
				CLANG_WARN_ENUM_CONVERSION = YES;
				CLANG_WARN_INFINITE_RECURSION = YES;
				CLANG_WARN_INT_CONVERSION = YES;
				CLANG_WARN_NON_LITERAL_NULL_CONVERSION = YES;
				CLANG_WARN_OBJC_IMPLICIT_RETAIN_SELF = YES;
				CLANG_WARN_OBJC_LITERAL_CONVERSION = YES;
				CLANG_WARN_OBJC_ROOT_CLASS = YES_ERROR;
				CLANG_WARN_QUOTED_INCLUDE_IN_FRAMEWORK_HEADER = YES;
				CLANG_WARN_RANGE_LOOP_ANALYSIS = YES;
				CLANG_WARN_STRICT_PROTOTYPES = YES;
				CLANG_WARN_SUSPICIOUS_MOVE = YES;
				CLANG_WARN_UNGUARDED_AVAILABILITY = YES_AGGRESSIVE;
				CLANG_WARN_UNREACHABLE_CODE = YES;
				CLANG_WARN__DUPLICATE_METHOD_MATCH = YES;
				COPY_PHASE_STRIP = NO;
				DEBUG_INFORMATION_FORMAT = "dwarf-with-dsym";
				ENABLE_NS_ASSERTIONS = NO;
				ENABLE_STRICT_OBJC_MSGSEND = YES;
				GCC_C_LANGUAGE_STANDARD = gnu11;
				GCC_NO_COMMON_BLOCKS = YES;
				GCC_WARN_64_TO_32_BIT_CONVERSION = YES;
				GCC_WARN_ABOUT_RETURN_TYPE = YES_ERROR;
				GCC_WARN_UNDECLARED_SELECTOR = YES;
				GCC_WARN_UNINITIALIZED_AUTOS = YES_AGGRESSIVE;
				GCC_WARN_UNUSED_FUNCTION = YES;
				GCC_WARN_UNUSED_VARIABLE = YES;
				IPHONEOS_DEPLOYMENT_TARGET = 14.5;
				MTL_ENABLE_DEBUG_INFO = NO;
				MTL_FAST_MATH = YES;
				SDKROOT = iphoneos;
				SWIFT_COMPILATION_MODE = wholemodule;
				SWIFT_OPTIMIZATION_LEVEL = "-O";
				VALIDATE_PRODUCT = YES;
			};
			name = Release;
		};
		323A90FE266A162800FF357D /* Debug */ = {
			isa = XCBuildConfiguration;
			buildSettings = {
				ASSETCATALOG_COMPILER_APPICON_NAME = AppIcon;
				ASSETCATALOG_COMPILER_GLOBAL_ACCENT_COLOR_NAME = AccentColor;
				CODE_SIGN_STYLE = Automatic;
				DEVELOPMENT_TEAM = B6PUMXWTQP;
				INFOPLIST_FILE = "$(SRCROOT)/NewsApp/Supporting Files/Info.plist";
				LD_RUNPATH_SEARCH_PATHS = (
					"$(inherited)",
					"@executable_path/Frameworks",
				);
				PRODUCT_BUNDLE_IDENTIFIER = DimaYanushevich.NewsApp;
				PRODUCT_NAME = "$(TARGET_NAME)";
				SWIFT_VERSION = 5.0;
				TARGETED_DEVICE_FAMILY = "1,2";
			};
			name = Debug;
		};
		323A90FF266A162800FF357D /* Release */ = {
			isa = XCBuildConfiguration;
			buildSettings = {
				ASSETCATALOG_COMPILER_APPICON_NAME = AppIcon;
				ASSETCATALOG_COMPILER_GLOBAL_ACCENT_COLOR_NAME = AccentColor;
				CODE_SIGN_STYLE = Automatic;
				DEVELOPMENT_TEAM = B6PUMXWTQP;
				INFOPLIST_FILE = "$(SRCROOT)/NewsApp/Supporting Files/Info.plist";
				LD_RUNPATH_SEARCH_PATHS = (
					"$(inherited)",
					"@executable_path/Frameworks",
				);
				PRODUCT_BUNDLE_IDENTIFIER = DimaYanushevich.NewsApp;
				PRODUCT_NAME = "$(TARGET_NAME)";
				SWIFT_VERSION = 5.0;
				TARGETED_DEVICE_FAMILY = "1,2";
			};
			name = Release;
		};
/* End XCBuildConfiguration section */

/* Begin XCConfigurationList section */
		323A90E1266A162600FF357D /* Build configuration list for PBXProject "NewsApp" */ = {
			isa = XCConfigurationList;
			buildConfigurations = (
				323A90FB266A162800FF357D /* Debug */,
				323A90FC266A162800FF357D /* Release */,
			);
			defaultConfigurationIsVisible = 0;
			defaultConfigurationName = Release;
		};
		323A90FD266A162800FF357D /* Build configuration list for PBXNativeTarget "NewsApp" */ = {
			isa = XCConfigurationList;
			buildConfigurations = (
				323A90FE266A162800FF357D /* Debug */,
				323A90FF266A162800FF357D /* Release */,
			);
			defaultConfigurationIsVisible = 0;
			defaultConfigurationName = Release;
		};
/* End XCConfigurationList section */

/* Begin XCRemoteSwiftPackageReference section */
		32F3A9292673890400D63D0B /* XCRemoteSwiftPackageReference "SwiftAlerts" */ = {
			isa = XCRemoteSwiftPackageReference;
			repositoryURL = "https://github.com/Christian-Seiler/SwiftAlerts";
			requirement = {
				branch = master;
				kind = branch;
			};
		};
/* End XCRemoteSwiftPackageReference section */

/* Begin XCSwiftPackageProductDependency section */
		32F3A92A2673890400D63D0B /* SwiftAlerts */ = {
			isa = XCSwiftPackageProductDependency;
			package = 32F3A9292673890400D63D0B /* XCRemoteSwiftPackageReference "SwiftAlerts" */;
			productName = SwiftAlerts;
		};
/* End XCSwiftPackageProductDependency section */

/* Begin XCVersionGroup section */
		323A90F2266A162600FF357D /* NewsApp.xcdatamodeld */ = {
			isa = XCVersionGroup;
			children = (
				323A90F3266A162600FF357D /* NewsApp.xcdatamodel */,
			);
			currentVersion = 323A90F3266A162600FF357D /* NewsApp.xcdatamodel */;
			path = NewsApp.xcdatamodeld;
			sourceTree = "<group>";
			versionGroupType = wrapper.xcdatamodel;
		};
/* End XCVersionGroup section */
	};
	rootObject = 323A90DE266A162600FF357D /* Project object */;
}
